// !$*UTF8*$!
{
	archiveVersion = 1;
	classes = {
	};
	objectVersion = 46;
	objects = {

/* Begin PBXBuildFile section */
		B304B27D1D19765200845F2D /* CollectionType+Overdrive.swift in Sources */ = {isa = PBXBuildFile; fileRef = B304B27C1D19765200845F2D /* CollectionType+Overdrive.swift */; };
		B304B27E1D19765200845F2D /* CollectionType+Overdrive.swift in Sources */ = {isa = PBXBuildFile; fileRef = B304B27C1D19765200845F2D /* CollectionType+Overdrive.swift */; };
		B304B27F1D19765200845F2D /* CollectionType+Overdrive.swift in Sources */ = {isa = PBXBuildFile; fileRef = B304B27C1D19765200845F2D /* CollectionType+Overdrive.swift */; };
		B3174C881D1D9C0C000DF4F6 /* TaskQueueDelegateTests.swift in Sources */ = {isa = PBXBuildFile; fileRef = B3174C871D1D9C0C000DF4F6 /* TaskQueueDelegateTests.swift */; };
		B31CF9991D185B44003D4B2B /* TaskQueueDelegate.swift in Sources */ = {isa = PBXBuildFile; fileRef = B31CF9981D185B44003D4B2B /* TaskQueueDelegate.swift */; };
		B31CF99A1D185B44003D4B2B /* TaskQueueDelegate.swift in Sources */ = {isa = PBXBuildFile; fileRef = B31CF9981D185B44003D4B2B /* TaskQueueDelegate.swift */; };
		B31CF99B1D185B44003D4B2B /* TaskQueueDelegate.swift in Sources */ = {isa = PBXBuildFile; fileRef = B31CF9981D185B44003D4B2B /* TaskQueueDelegate.swift */; };
		B31CF99E1D189FCB003D4B2B /* NSQualityOfService+Overdrive.swift in Sources */ = {isa = PBXBuildFile; fileRef = B31CF99D1D189FCB003D4B2B /* NSQualityOfService+Overdrive.swift */; };
		B31CF99F1D189FCB003D4B2B /* NSQualityOfService+Overdrive.swift in Sources */ = {isa = PBXBuildFile; fileRef = B31CF99D1D189FCB003D4B2B /* NSQualityOfService+Overdrive.swift */; };
		B31CF9A01D189FCB003D4B2B /* NSQualityOfService+Overdrive.swift in Sources */ = {isa = PBXBuildFile; fileRef = B31CF99D1D189FCB003D4B2B /* NSQualityOfService+Overdrive.swift */; };
		B322B0AA1D1ED314009DE006 /* Condition.swift in Sources */ = {isa = PBXBuildFile; fileRef = B322B0A91D1ED314009DE006 /* Condition.swift */; };
		B322B0AB1D1ED314009DE006 /* Condition.swift in Sources */ = {isa = PBXBuildFile; fileRef = B322B0A91D1ED314009DE006 /* Condition.swift */; };
		B322B0AC1D1ED314009DE006 /* Condition.swift in Sources */ = {isa = PBXBuildFile; fileRef = B322B0A91D1ED314009DE006 /* Condition.swift */; };
		B3AD42761D1838B400348607 /* TaskObserver.swift in Sources */ = {isa = PBXBuildFile; fileRef = B3AD42751D1838B400348607 /* TaskObserver.swift */; };
		B3AD42771D1838B400348607 /* TaskObserver.swift in Sources */ = {isa = PBXBuildFile; fileRef = B3AD42751D1838B400348607 /* TaskObserver.swift */; };
		B3AD42781D1838B400348607 /* TaskObserver.swift in Sources */ = {isa = PBXBuildFile; fileRef = B3AD42751D1838B400348607 /* TaskObserver.swift */; };
		B3AD651A1D245FCD001F6C57 /* TaskQueueDelegateTests.swift in Sources */ = {isa = PBXBuildFile; fileRef = B3174C871D1D9C0C000DF4F6 /* TaskQueueDelegateTests.swift */; };
		B3AD651B1D245FCE001F6C57 /* TaskQueueDelegateTests.swift in Sources */ = {isa = PBXBuildFile; fileRef = B3174C871D1D9C0C000DF4F6 /* TaskQueueDelegateTests.swift */; };
		B3AD651C1D245FD4001F6C57 /* DependencyTests.swift in Sources */ = {isa = PBXBuildFile; fileRef = B3C5DF581D1C4F7200D79532 /* DependencyTests.swift */; };
		B3AD651D1D245FD4001F6C57 /* DependencyTests.swift in Sources */ = {isa = PBXBuildFile; fileRef = B3C5DF581D1C4F7200D79532 /* DependencyTests.swift */; };
		B3AD651E1D245FD7001F6C57 /* CreateTests.swift in Sources */ = {isa = PBXBuildFile; fileRef = B3EF8F381D20521900064CC2 /* CreateTests.swift */; };
		B3AD651F1D245FD8001F6C57 /* CreateTests.swift in Sources */ = {isa = PBXBuildFile; fileRef = B3EF8F381D20521900064CC2 /* CreateTests.swift */; };
		B3AD65211D246250001F6C57 /* TaskObserverTests.swift in Sources */ = {isa = PBXBuildFile; fileRef = B3AD65201D246250001F6C57 /* TaskObserverTests.swift */; };
		B3B1C8891D1929A200B6386A /* FinishBlockObserver.swift in Sources */ = {isa = PBXBuildFile; fileRef = B3B1C8881D1929A200B6386A /* FinishBlockObserver.swift */; };
		B3B1C88A1D1929A200B6386A /* FinishBlockObserver.swift in Sources */ = {isa = PBXBuildFile; fileRef = B3B1C8881D1929A200B6386A /* FinishBlockObserver.swift */; };
		B3B1C88B1D1929A200B6386A /* FinishBlockObserver.swift in Sources */ = {isa = PBXBuildFile; fileRef = B3B1C8881D1929A200B6386A /* FinishBlockObserver.swift */; };
		B3B72B8D1D16EA600004A7C2 /* Overdrive.h in Headers */ = {isa = PBXBuildFile; fileRef = B3DD52E91D16CC0000EBF640 /* Overdrive.h */; settings = {ATTRIBUTES = (Public, ); }; };
		B3B72B8E1D16EA850004A7C2 /* Result.swift in Sources */ = {isa = PBXBuildFile; fileRef = B3DD52EC1D16CC4300EBF640 /* Result.swift */; };
		B3B72B8F1D16EA880004A7C2 /* State.swift in Sources */ = {isa = PBXBuildFile; fileRef = B3DD52EE1D16CC7F00EBF640 /* State.swift */; };
		B3B72B901D16EA8B0004A7C2 /* Task.swift in Sources */ = {isa = PBXBuildFile; fileRef = B3DD52F01D16CCA300EBF640 /* Task.swift */; };
		B3B72B911D16EA8E0004A7C2 /* Dispatch.swift in Sources */ = {isa = PBXBuildFile; fileRef = B3DD52F21D16CDFE00EBF640 /* Dispatch.swift */; };
		B3B72B921D16EA910004A7C2 /* TaskQueue.swift in Sources */ = {isa = PBXBuildFile; fileRef = B3DD52F41D16D7A800EBF640 /* TaskQueue.swift */; };
		B3B72B9C1D16EAE70004A7C2 /* Overdrive.framework in Frameworks */ = {isa = PBXBuildFile; fileRef = B3B72B851D16EA330004A7C2 /* Overdrive.framework */; };
		B3B72BA21D16EB340004A7C2 /* TaskTests.swift in Sources */ = {isa = PBXBuildFile; fileRef = B3DD52FC1D16D83200EBF640 /* TaskTests.swift */; };
		B3B72BB01D16EE590004A7C2 /* Overdrive.h in Headers */ = {isa = PBXBuildFile; fileRef = B3DD52E91D16CC0000EBF640 /* Overdrive.h */; settings = {ATTRIBUTES = (Public, ); }; };
		B3B72BB11D16EE680004A7C2 /* Result.swift in Sources */ = {isa = PBXBuildFile; fileRef = B3DD52EC1D16CC4300EBF640 /* Result.swift */; };
		B3B72BB21D16EE6B0004A7C2 /* State.swift in Sources */ = {isa = PBXBuildFile; fileRef = B3DD52EE1D16CC7F00EBF640 /* State.swift */; };
		B3B72BB31D16EE6D0004A7C2 /* Task.swift in Sources */ = {isa = PBXBuildFile; fileRef = B3DD52F01D16CCA300EBF640 /* Task.swift */; };
		B3B72BB41D16EE700004A7C2 /* Dispatch.swift in Sources */ = {isa = PBXBuildFile; fileRef = B3DD52F21D16CDFE00EBF640 /* Dispatch.swift */; };
		B3B72BB51D16EE720004A7C2 /* TaskQueue.swift in Sources */ = {isa = PBXBuildFile; fileRef = B3DD52F41D16D7A800EBF640 /* TaskQueue.swift */; };
		B3B72BBF1D16EE820004A7C2 /* Overdrive.framework in Frameworks */ = {isa = PBXBuildFile; fileRef = B3B72BA81D16EE310004A7C2 /* Overdrive.framework */; };
		B3B72BC51D16EED90004A7C2 /* TaskTests.swift in Sources */ = {isa = PBXBuildFile; fileRef = B3DD52FC1D16D83200EBF640 /* TaskTests.swift */; };
		B3BB185D1D1C0D24002B1979 /* RetryTaskObserver.swift in Sources */ = {isa = PBXBuildFile; fileRef = B3BB185C1D1C0D24002B1979 /* RetryTaskObserver.swift */; };
		B3BB185E1D1C0D24002B1979 /* RetryTaskObserver.swift in Sources */ = {isa = PBXBuildFile; fileRef = B3BB185C1D1C0D24002B1979 /* RetryTaskObserver.swift */; };
		B3BB185F1D1C0D24002B1979 /* RetryTaskObserver.swift in Sources */ = {isa = PBXBuildFile; fileRef = B3BB185C1D1C0D24002B1979 /* RetryTaskObserver.swift */; };
		B3C5DF591D1C4F7200D79532 /* DependencyTests.swift in Sources */ = {isa = PBXBuildFile; fileRef = B3C5DF581D1C4F7200D79532 /* DependencyTests.swift */; };
		B3DD52EB1D16CC0000EBF640 /* Overdrive.h in Headers */ = {isa = PBXBuildFile; fileRef = B3DD52E91D16CC0000EBF640 /* Overdrive.h */; settings = {ATTRIBUTES = (Public, ); }; };
		B3DD52ED1D16CC4300EBF640 /* Result.swift in Sources */ = {isa = PBXBuildFile; fileRef = B3DD52EC1D16CC4300EBF640 /* Result.swift */; };
		B3DD52EF1D16CC7F00EBF640 /* State.swift in Sources */ = {isa = PBXBuildFile; fileRef = B3DD52EE1D16CC7F00EBF640 /* State.swift */; };
		B3DD52F11D16CCA300EBF640 /* Task.swift in Sources */ = {isa = PBXBuildFile; fileRef = B3DD52F01D16CCA300EBF640 /* Task.swift */; };
		B3DD52F31D16CDFE00EBF640 /* Dispatch.swift in Sources */ = {isa = PBXBuildFile; fileRef = B3DD52F21D16CDFE00EBF640 /* Dispatch.swift */; };
		B3DD52F51D16D7A800EBF640 /* TaskQueue.swift in Sources */ = {isa = PBXBuildFile; fileRef = B3DD52F41D16D7A800EBF640 /* TaskQueue.swift */; };
		B3DD52FD1D16D83200EBF640 /* TaskTests.swift in Sources */ = {isa = PBXBuildFile; fileRef = B3DD52FC1D16D83200EBF640 /* TaskTests.swift */; };
		B3DD52FF1D16D83200EBF640 /* Overdrive.framework in Frameworks */ = {isa = PBXBuildFile; fileRef = B3DD52DC1D16CBEB00EBF640 /* Overdrive.framework */; };
		B3EF8F351D20423500064CC2 /* Create.swift in Sources */ = {isa = PBXBuildFile; fileRef = B3EF8F341D20423500064CC2 /* Create.swift */; };
		B3EF8F361D20423500064CC2 /* Create.swift in Sources */ = {isa = PBXBuildFile; fileRef = B3EF8F341D20423500064CC2 /* Create.swift */; };
		B3EF8F371D20423500064CC2 /* Create.swift in Sources */ = {isa = PBXBuildFile; fileRef = B3EF8F341D20423500064CC2 /* Create.swift */; };
		B3EF8F391D20521900064CC2 /* CreateTests.swift in Sources */ = {isa = PBXBuildFile; fileRef = B3EF8F381D20521900064CC2 /* CreateTests.swift */; };
/* End PBXBuildFile section */

/* Begin PBXContainerItemProxy section */
		B3B72B9D1D16EAE70004A7C2 /* PBXContainerItemProxy */ = {
			isa = PBXContainerItemProxy;
			containerPortal = B3DD52D31D16CBEB00EBF640 /* Project object */;
			proxyType = 1;
			remoteGlobalIDString = B3B72B841D16EA330004A7C2;
			remoteInfo = "Overdrive macOS";
		};
		B3B72BC01D16EE820004A7C2 /* PBXContainerItemProxy */ = {
			isa = PBXContainerItemProxy;
			containerPortal = B3DD52D31D16CBEB00EBF640 /* Project object */;
			proxyType = 1;
			remoteGlobalIDString = B3B72BA71D16EE310004A7C2;
			remoteInfo = "Overdrive tvOS";
		};
		B3DD53001D16D83200EBF640 /* PBXContainerItemProxy */ = {
			isa = PBXContainerItemProxy;
			containerPortal = B3DD52D31D16CBEB00EBF640 /* Project object */;
			proxyType = 1;
			remoteGlobalIDString = B3DD52DB1D16CBEB00EBF640;
			remoteInfo = "Overdrive iOS";
		};
/* End PBXContainerItemProxy section */

/* Begin PBXFileReference section */
		B304B27C1D19765200845F2D /* CollectionType+Overdrive.swift */ = {isa = PBXFileReference; fileEncoding = 4; lastKnownFileType = sourcecode.swift; path = "CollectionType+Overdrive.swift"; sourceTree = "<group>"; };
		B3174C871D1D9C0C000DF4F6 /* TaskQueueDelegateTests.swift */ = {isa = PBXFileReference; fileEncoding = 4; lastKnownFileType = sourcecode.swift; path = TaskQueueDelegateTests.swift; sourceTree = "<group>"; };
		B31CF9981D185B44003D4B2B /* TaskQueueDelegate.swift */ = {isa = PBXFileReference; fileEncoding = 4; lastKnownFileType = sourcecode.swift; path = TaskQueueDelegate.swift; sourceTree = "<group>"; };
		B31CF99D1D189FCB003D4B2B /* NSQualityOfService+Overdrive.swift */ = {isa = PBXFileReference; fileEncoding = 4; lastKnownFileType = sourcecode.swift; path = "NSQualityOfService+Overdrive.swift"; sourceTree = "<group>"; };
		B322B0A91D1ED314009DE006 /* Condition.swift */ = {isa = PBXFileReference; fileEncoding = 4; lastKnownFileType = sourcecode.swift; path = Condition.swift; sourceTree = "<group>"; };
		B3AD42751D1838B400348607 /* TaskObserver.swift */ = {isa = PBXFileReference; fileEncoding = 4; lastKnownFileType = sourcecode.swift; path = TaskObserver.swift; sourceTree = "<group>"; };
		B3AD65201D246250001F6C57 /* TaskObserverTests.swift */ = {isa = PBXFileReference; fileEncoding = 4; lastKnownFileType = sourcecode.swift; path = TaskObserverTests.swift; sourceTree = "<group>"; };
		B3B1C8881D1929A200B6386A /* FinishBlockObserver.swift */ = {isa = PBXFileReference; fileEncoding = 4; lastKnownFileType = sourcecode.swift; path = FinishBlockObserver.swift; sourceTree = "<group>"; };
		B3B72B851D16EA330004A7C2 /* Overdrive.framework */ = {isa = PBXFileReference; explicitFileType = wrapper.framework; includeInIndex = 0; path = Overdrive.framework; sourceTree = BUILT_PRODUCTS_DIR; };
		B3B72B971D16EAE70004A7C2 /* Tests.xctest */ = {isa = PBXFileReference; explicitFileType = wrapper.cfbundle; includeInIndex = 0; path = Tests.xctest; sourceTree = BUILT_PRODUCTS_DIR; };
		B3B72BA81D16EE310004A7C2 /* Overdrive.framework */ = {isa = PBXFileReference; explicitFileType = wrapper.framework; includeInIndex = 0; path = Overdrive.framework; sourceTree = BUILT_PRODUCTS_DIR; };
		B3B72BBA1D16EE810004A7C2 /* Tests tvOS.xctest */ = {isa = PBXFileReference; explicitFileType = wrapper.cfbundle; includeInIndex = 0; path = "Tests tvOS.xctest"; sourceTree = BUILT_PRODUCTS_DIR; };
		B3BB185C1D1C0D24002B1979 /* RetryTaskObserver.swift */ = {isa = PBXFileReference; fileEncoding = 4; lastKnownFileType = sourcecode.swift; path = RetryTaskObserver.swift; sourceTree = "<group>"; };
		B3C5DF581D1C4F7200D79532 /* DependencyTests.swift */ = {isa = PBXFileReference; fileEncoding = 4; lastKnownFileType = sourcecode.swift; path = DependencyTests.swift; sourceTree = "<group>"; };
		B3DD52DC1D16CBEB00EBF640 /* Overdrive.framework */ = {isa = PBXFileReference; explicitFileType = wrapper.framework; includeInIndex = 0; path = Overdrive.framework; sourceTree = BUILT_PRODUCTS_DIR; };
		B3DD52E81D16CC0000EBF640 /* Info.plist */ = {isa = PBXFileReference; fileEncoding = 4; lastKnownFileType = text.plist.xml; path = Info.plist; sourceTree = "<group>"; };
		B3DD52E91D16CC0000EBF640 /* Overdrive.h */ = {isa = PBXFileReference; fileEncoding = 4; lastKnownFileType = sourcecode.c.h; path = Overdrive.h; sourceTree = "<group>"; };
		B3DD52EC1D16CC4300EBF640 /* Result.swift */ = {isa = PBXFileReference; fileEncoding = 4; lastKnownFileType = sourcecode.swift; path = Result.swift; sourceTree = "<group>"; };
		B3DD52EE1D16CC7F00EBF640 /* State.swift */ = {isa = PBXFileReference; fileEncoding = 4; lastKnownFileType = sourcecode.swift; path = State.swift; sourceTree = "<group>"; };
		B3DD52F01D16CCA300EBF640 /* Task.swift */ = {isa = PBXFileReference; fileEncoding = 4; lastKnownFileType = sourcecode.swift; path = Task.swift; sourceTree = "<group>"; };
		B3DD52F21D16CDFE00EBF640 /* Dispatch.swift */ = {isa = PBXFileReference; fileEncoding = 4; lastKnownFileType = sourcecode.swift; path = Dispatch.swift; sourceTree = "<group>"; };
		B3DD52F41D16D7A800EBF640 /* TaskQueue.swift */ = {isa = PBXFileReference; fileEncoding = 4; lastKnownFileType = sourcecode.swift; path = TaskQueue.swift; sourceTree = "<group>"; };
		B3DD52FA1D16D83200EBF640 /* Tests.xctest */ = {isa = PBXFileReference; explicitFileType = wrapper.cfbundle; includeInIndex = 0; path = Tests.xctest; sourceTree = BUILT_PRODUCTS_DIR; };
		B3DD52FC1D16D83200EBF640 /* TaskTests.swift */ = {isa = PBXFileReference; lastKnownFileType = sourcecode.swift; path = TaskTests.swift; sourceTree = "<group>"; };
		B3DD52FE1D16D83200EBF640 /* Info.plist */ = {isa = PBXFileReference; lastKnownFileType = text.plist.xml; path = Info.plist; sourceTree = "<group>"; };
		B3EF8F341D20423500064CC2 /* Create.swift */ = {isa = PBXFileReference; fileEncoding = 4; lastKnownFileType = sourcecode.swift; path = Create.swift; sourceTree = "<group>"; };
		B3EF8F381D20521900064CC2 /* CreateTests.swift */ = {isa = PBXFileReference; fileEncoding = 4; lastKnownFileType = sourcecode.swift; path = CreateTests.swift; sourceTree = "<group>"; };
/* End PBXFileReference section */

/* Begin PBXFrameworksBuildPhase section */
		B3B72B811D16EA330004A7C2 /* Frameworks */ = {
			isa = PBXFrameworksBuildPhase;
			buildActionMask = 2147483647;
			files = (
			);
			runOnlyForDeploymentPostprocessing = 0;
		};
		B3B72B941D16EAE70004A7C2 /* Frameworks */ = {
			isa = PBXFrameworksBuildPhase;
			buildActionMask = 2147483647;
			files = (
				B3B72B9C1D16EAE70004A7C2 /* Overdrive.framework in Frameworks */,
			);
			runOnlyForDeploymentPostprocessing = 0;
		};
		B3B72BA41D16EE310004A7C2 /* Frameworks */ = {
			isa = PBXFrameworksBuildPhase;
			buildActionMask = 2147483647;
			files = (
			);
			runOnlyForDeploymentPostprocessing = 0;
		};
		B3B72BB71D16EE810004A7C2 /* Frameworks */ = {
			isa = PBXFrameworksBuildPhase;
			buildActionMask = 2147483647;
			files = (
				B3B72BBF1D16EE820004A7C2 /* Overdrive.framework in Frameworks */,
			);
			runOnlyForDeploymentPostprocessing = 0;
		};
		B3DD52D81D16CBEB00EBF640 /* Frameworks */ = {
			isa = PBXFrameworksBuildPhase;
			buildActionMask = 2147483647;
			files = (
			);
			runOnlyForDeploymentPostprocessing = 0;
		};
		B3DD52F71D16D83200EBF640 /* Frameworks */ = {
			isa = PBXFrameworksBuildPhase;
			buildActionMask = 2147483647;
			files = (
				B3DD52FF1D16D83200EBF640 /* Overdrive.framework in Frameworks */,
			);
			runOnlyForDeploymentPostprocessing = 0;
		};
/* End PBXFrameworksBuildPhase section */

/* Begin PBXGroup section */
		B31CF99C1D189FB9003D4B2B /* Extensions */ = {
			isa = PBXGroup;
			children = (
				B304B27C1D19765200845F2D /* CollectionType+Overdrive.swift */,
				B31CF99D1D189FCB003D4B2B /* NSQualityOfService+Overdrive.swift */,
			);
			path = Extensions;
			sourceTree = "<group>";
		};
		B3B1C8871D19299300B6386A /* Observers */ = {
			isa = PBXGroup;
			children = (
				B3B1C8881D1929A200B6386A /* FinishBlockObserver.swift */,
				B3BB185C1D1C0D24002B1979 /* RetryTaskObserver.swift */,
			);
			path = Observers;
			sourceTree = "<group>";
		};
		B3DD52D21D16CBEB00EBF640 = {
			isa = PBXGroup;
			children = (
				B3DD52DD1D16CBEB00EBF640 /* Products */,
				B3DD52E71D16CC0000EBF640 /* Sources */,
				B3DD52FB1D16D83200EBF640 /* Tests */,
			);
			sourceTree = "<group>";
		};
		B3DD52DD1D16CBEB00EBF640 /* Products */ = {
			isa = PBXGroup;
			children = (
				B3DD52DC1D16CBEB00EBF640 /* Overdrive.framework */,
				B3DD52FA1D16D83200EBF640 /* Tests.xctest */,
				B3B72B851D16EA330004A7C2 /* Overdrive.framework */,
				B3B72B971D16EAE70004A7C2 /* Tests.xctest */,
				B3B72BA81D16EE310004A7C2 /* Overdrive.framework */,
				B3B72BBA1D16EE810004A7C2 /* Tests tvOS.xctest */,
			);
			name = Products;
			sourceTree = "<group>";
		};
		B3DD52E71D16CC0000EBF640 /* Sources */ = {
			isa = PBXGroup;
			children = (
				B3DD52E91D16CC0000EBF640 /* Overdrive.h */,
				B3DD52E81D16CC0000EBF640 /* Info.plist */,
				B322B0A91D1ED314009DE006 /* Condition.swift */,
				B3EF8F341D20423500064CC2 /* Create.swift */,
				B3DD52F21D16CDFE00EBF640 /* Dispatch.swift */,
				B3DD52EC1D16CC4300EBF640 /* Result.swift */,
				B3DD52EE1D16CC7F00EBF640 /* State.swift */,
				B3DD52F01D16CCA300EBF640 /* Task.swift */,
				B3AD42751D1838B400348607 /* TaskObserver.swift */,
				B3DD52F41D16D7A800EBF640 /* TaskQueue.swift */,
				B31CF9981D185B44003D4B2B /* TaskQueueDelegate.swift */,
				B31CF99C1D189FB9003D4B2B /* Extensions */,
				B3B1C8871D19299300B6386A /* Observers */,
			);
			path = Sources;
			sourceTree = "<group>";
		};
		B3DD52FB1D16D83200EBF640 /* Tests */ = {
			isa = PBXGroup;
			children = (
				B3DD52FE1D16D83200EBF640 /* Info.plist */,
				B3EF8F381D20521900064CC2 /* CreateTests.swift */,
				B3C5DF581D1C4F7200D79532 /* DependencyTests.swift */,
				B3AD65201D246250001F6C57 /* TaskObserverTests.swift */,
				B3174C871D1D9C0C000DF4F6 /* TaskQueueDelegateTests.swift */,
				B3DD52FC1D16D83200EBF640 /* TaskTests.swift */,
			);
			path = Tests;
			sourceTree = "<group>";
		};
/* End PBXGroup section */

/* Begin PBXHeadersBuildPhase section */
		B3B72B821D16EA330004A7C2 /* Headers */ = {
			isa = PBXHeadersBuildPhase;
			buildActionMask = 2147483647;
			files = (
				B3B72B8D1D16EA600004A7C2 /* Overdrive.h in Headers */,
			);
			runOnlyForDeploymentPostprocessing = 0;
		};
		B3B72BA51D16EE310004A7C2 /* Headers */ = {
			isa = PBXHeadersBuildPhase;
			buildActionMask = 2147483647;
			files = (
				B3B72BB01D16EE590004A7C2 /* Overdrive.h in Headers */,
			);
			runOnlyForDeploymentPostprocessing = 0;
		};
		B3DD52D91D16CBEB00EBF640 /* Headers */ = {
			isa = PBXHeadersBuildPhase;
			buildActionMask = 2147483647;
			files = (
				B3DD52EB1D16CC0000EBF640 /* Overdrive.h in Headers */,
			);
			runOnlyForDeploymentPostprocessing = 0;
		};
/* End PBXHeadersBuildPhase section */

/* Begin PBXNativeTarget section */
		B3B72B841D16EA330004A7C2 /* Overdrive macOS */ = {
			isa = PBXNativeTarget;
			buildConfigurationList = B3B72B8C1D16EA330004A7C2 /* Build configuration list for PBXNativeTarget "Overdrive macOS" */;
			buildPhases = (
				B3B72B801D16EA330004A7C2 /* Sources */,
				B3B72B811D16EA330004A7C2 /* Frameworks */,
				B3B72B821D16EA330004A7C2 /* Headers */,
				B3B72B831D16EA330004A7C2 /* Resources */,
			);
			buildRules = (
			);
			dependencies = (
			);
			name = "Overdrive macOS";
			productName = "Overdrive osx";
			productReference = B3B72B851D16EA330004A7C2 /* Overdrive.framework */;
			productType = "com.apple.product-type.framework";
		};
		B3B72B961D16EAE70004A7C2 /* Tests macOS */ = {
			isa = PBXNativeTarget;
			buildConfigurationList = B3B72B9F1D16EAE70004A7C2 /* Build configuration list for PBXNativeTarget "Tests macOS" */;
			buildPhases = (
				B3B72B931D16EAE70004A7C2 /* Sources */,
				B3B72B941D16EAE70004A7C2 /* Frameworks */,
				B3B72B951D16EAE70004A7C2 /* Resources */,
			);
			buildRules = (
			);
			dependencies = (
				B3B72B9E1D16EAE70004A7C2 /* PBXTargetDependency */,
			);
			name = "Tests macOS";
			productName = OverdriveTests;
			productReference = B3B72B971D16EAE70004A7C2 /* Tests.xctest */;
			productType = "com.apple.product-type.bundle.unit-test";
		};
		B3B72BA71D16EE310004A7C2 /* Overdrive tvOS */ = {
			isa = PBXNativeTarget;
			buildConfigurationList = B3B72BAF1D16EE310004A7C2 /* Build configuration list for PBXNativeTarget "Overdrive tvOS" */;
			buildPhases = (
				B3B72BA31D16EE310004A7C2 /* Sources */,
				B3B72BA41D16EE310004A7C2 /* Frameworks */,
				B3B72BA51D16EE310004A7C2 /* Headers */,
				B3B72BA61D16EE310004A7C2 /* Resources */,
			);
			buildRules = (
			);
			dependencies = (
			);
			name = "Overdrive tvOS";
			productName = Overdrivetv;
			productReference = B3B72BA81D16EE310004A7C2 /* Overdrive.framework */;
			productType = "com.apple.product-type.framework";
		};
		B3B72BB91D16EE810004A7C2 /* Tests tvOS */ = {
			isa = PBXNativeTarget;
			buildConfigurationList = B3B72BC21D16EE820004A7C2 /* Build configuration list for PBXNativeTarget "Tests tvOS" */;
			buildPhases = (
				B3B72BB61D16EE810004A7C2 /* Sources */,
				B3B72BB71D16EE810004A7C2 /* Frameworks */,
				B3B72BB81D16EE810004A7C2 /* Resources */,
			);
			buildRules = (
			);
			dependencies = (
				B3B72BC11D16EE820004A7C2 /* PBXTargetDependency */,
			);
			name = "Tests tvOS";
			productName = Teststv;
			productReference = B3B72BBA1D16EE810004A7C2 /* Tests tvOS.xctest */;
			productType = "com.apple.product-type.bundle.unit-test";
		};
		B3DD52DB1D16CBEB00EBF640 /* Overdrive iOS */ = {
			isa = PBXNativeTarget;
			buildConfigurationList = B3DD52E41D16CBEB00EBF640 /* Build configuration list for PBXNativeTarget "Overdrive iOS" */;
			buildPhases = (
				B3DD52D71D16CBEB00EBF640 /* Sources */,
				B3DD52D81D16CBEB00EBF640 /* Frameworks */,
				B3DD52D91D16CBEB00EBF640 /* Headers */,
				B3DD52DA1D16CBEB00EBF640 /* Resources */,
				B3B72BC61D16F15E0004A7C2 /* Run Swiftlint */,
			);
			buildRules = (
			);
			dependencies = (
			);
			name = "Overdrive iOS";
			productName = Overdrive;
			productReference = B3DD52DC1D16CBEB00EBF640 /* Overdrive.framework */;
			productType = "com.apple.product-type.framework";
		};
		B3DD52F91D16D83200EBF640 /* Tests iOS */ = {
			isa = PBXNativeTarget;
			buildConfigurationList = B3DD53021D16D83200EBF640 /* Build configuration list for PBXNativeTarget "Tests iOS" */;
			buildPhases = (
				B3DD52F61D16D83200EBF640 /* Sources */,
				B3DD52F71D16D83200EBF640 /* Frameworks */,
				B3DD52F81D16D83200EBF640 /* Resources */,
			);
			buildRules = (
			);
			dependencies = (
				B3DD53011D16D83200EBF640 /* PBXTargetDependency */,
			);
			name = "Tests iOS";
			productName = Tests;
			productReference = B3DD52FA1D16D83200EBF640 /* Tests.xctest */;
			productType = "com.apple.product-type.bundle.unit-test";
		};
/* End PBXNativeTarget section */

/* Begin PBXProject section */
		B3DD52D31D16CBEB00EBF640 /* Project object */ = {
			isa = PBXProject;
			attributes = {
				LastSwiftUpdateCheck = 0730;
				LastUpgradeCheck = 0730;
				ORGANIZATIONNAME = "Said Sikira";
				TargetAttributes = {
					B3B72B841D16EA330004A7C2 = {
						CreatedOnToolsVersion = 7.3.1;
					};
					B3B72B961D16EAE70004A7C2 = {
						CreatedOnToolsVersion = 7.3.1;
					};
					B3B72BA71D16EE310004A7C2 = {
						CreatedOnToolsVersion = 7.3.1;
					};
					B3B72BB91D16EE810004A7C2 = {
						CreatedOnToolsVersion = 7.3.1;
					};
					B3DD52DB1D16CBEB00EBF640 = {
						CreatedOnToolsVersion = 7.3.1;
					};
					B3DD52F91D16D83200EBF640 = {
						CreatedOnToolsVersion = 7.3.1;
					};
				};
			};
			buildConfigurationList = B3DD52D61D16CBEB00EBF640 /* Build configuration list for PBXProject "Overdrive" */;
			compatibilityVersion = "Xcode 3.2";
			developmentRegion = English;
			hasScannedForEncodings = 0;
			knownRegions = (
				en,
			);
			mainGroup = B3DD52D21D16CBEB00EBF640;
			productRefGroup = B3DD52DD1D16CBEB00EBF640 /* Products */;
			projectDirPath = "";
			projectRoot = "";
			targets = (
				B3DD52DB1D16CBEB00EBF640 /* Overdrive iOS */,
				B3DD52F91D16D83200EBF640 /* Tests iOS */,
				B3B72B841D16EA330004A7C2 /* Overdrive macOS */,
				B3B72B961D16EAE70004A7C2 /* Tests macOS */,
				B3B72BA71D16EE310004A7C2 /* Overdrive tvOS */,
				B3B72BB91D16EE810004A7C2 /* Tests tvOS */,
			);
		};
/* End PBXProject section */

/* Begin PBXResourcesBuildPhase section */
		B3B72B831D16EA330004A7C2 /* Resources */ = {
			isa = PBXResourcesBuildPhase;
			buildActionMask = 2147483647;
			files = (
			);
			runOnlyForDeploymentPostprocessing = 0;
		};
		B3B72B951D16EAE70004A7C2 /* Resources */ = {
			isa = PBXResourcesBuildPhase;
			buildActionMask = 2147483647;
			files = (
			);
			runOnlyForDeploymentPostprocessing = 0;
		};
		B3B72BA61D16EE310004A7C2 /* Resources */ = {
			isa = PBXResourcesBuildPhase;
			buildActionMask = 2147483647;
			files = (
			);
			runOnlyForDeploymentPostprocessing = 0;
		};
		B3B72BB81D16EE810004A7C2 /* Resources */ = {
			isa = PBXResourcesBuildPhase;
			buildActionMask = 2147483647;
			files = (
			);
			runOnlyForDeploymentPostprocessing = 0;
		};
		B3DD52DA1D16CBEB00EBF640 /* Resources */ = {
			isa = PBXResourcesBuildPhase;
			buildActionMask = 2147483647;
			files = (
			);
			runOnlyForDeploymentPostprocessing = 0;
		};
		B3DD52F81D16D83200EBF640 /* Resources */ = {
			isa = PBXResourcesBuildPhase;
			buildActionMask = 2147483647;
			files = (
			);
			runOnlyForDeploymentPostprocessing = 0;
		};
/* End PBXResourcesBuildPhase section */

/* Begin PBXShellScriptBuildPhase section */
		B3B72BC61D16F15E0004A7C2 /* Run Swiftlint */ = {
			isa = PBXShellScriptBuildPhase;
			buildActionMask = 12;
			files = (
			);
			inputPaths = (
			);
			name = "Run Swiftlint";
			outputPaths = (
			);
			runOnlyForDeploymentPostprocessing = 0;
			shellPath = /bin/sh;
			shellScript = "if which swiftlint >/dev/null; then\nswiftlint\nelse\necho \"warning: SwiftLint not installed, download from https://github.com/realm/SwiftLint\"\nfi";
		};
/* End PBXShellScriptBuildPhase section */

/* Begin PBXSourcesBuildPhase section */
		B3B72B801D16EA330004A7C2 /* Sources */ = {
			isa = PBXSourcesBuildPhase;
			buildActionMask = 2147483647;
			files = (
				B3B72B8E1D16EA850004A7C2 /* Result.swift in Sources */,
				B31CF99A1D185B44003D4B2B /* TaskQueueDelegate.swift in Sources */,
				B3B72B911D16EA8E0004A7C2 /* Dispatch.swift in Sources */,
				B3AD42771D1838B400348607 /* TaskObserver.swift in Sources */,
				B304B27E1D19765200845F2D /* CollectionType+Overdrive.swift in Sources */,
				B3B72B921D16EA910004A7C2 /* TaskQueue.swift in Sources */,
				B3B1C88A1D1929A200B6386A /* FinishBlockObserver.swift in Sources */,
				B3B72B901D16EA8B0004A7C2 /* Task.swift in Sources */,
				B3EF8F361D20423500064CC2 /* Create.swift in Sources */,
				B31CF99F1D189FCB003D4B2B /* NSQualityOfService+Overdrive.swift in Sources */,
				B322B0AB1D1ED314009DE006 /* Condition.swift in Sources */,
				B3BB185E1D1C0D24002B1979 /* RetryTaskObserver.swift in Sources */,
				B3B72B8F1D16EA880004A7C2 /* State.swift in Sources */,
			);
			runOnlyForDeploymentPostprocessing = 0;
		};
		B3B72B931D16EAE70004A7C2 /* Sources */ = {
			isa = PBXSourcesBuildPhase;
			buildActionMask = 2147483647;
			files = (
				B3B72BA21D16EB340004A7C2 /* TaskTests.swift in Sources */,
				B3AD651A1D245FCD001F6C57 /* TaskQueueDelegateTests.swift in Sources */,
				B3AD651C1D245FD4001F6C57 /* DependencyTests.swift in Sources */,
				B3AD651E1D245FD7001F6C57 /* CreateTests.swift in Sources */,
			);
			runOnlyForDeploymentPostprocessing = 0;
		};
		B3B72BA31D16EE310004A7C2 /* Sources */ = {
			isa = PBXSourcesBuildPhase;
			buildActionMask = 2147483647;
			files = (
				B3B72BB11D16EE680004A7C2 /* Result.swift in Sources */,
				B31CF99B1D185B44003D4B2B /* TaskQueueDelegate.swift in Sources */,
				B3B72BB41D16EE700004A7C2 /* Dispatch.swift in Sources */,
				B3AD42781D1838B400348607 /* TaskObserver.swift in Sources */,
				B304B27F1D19765200845F2D /* CollectionType+Overdrive.swift in Sources */,
				B3B72BB51D16EE720004A7C2 /* TaskQueue.swift in Sources */,
				B3B1C88B1D1929A200B6386A /* FinishBlockObserver.swift in Sources */,
				B3B72BB31D16EE6D0004A7C2 /* Task.swift in Sources */,
				B3EF8F371D20423500064CC2 /* Create.swift in Sources */,
				B31CF9A01D189FCB003D4B2B /* NSQualityOfService+Overdrive.swift in Sources */,
				B322B0AC1D1ED314009DE006 /* Condition.swift in Sources */,
				B3BB185F1D1C0D24002B1979 /* RetryTaskObserver.swift in Sources */,
				B3B72BB21D16EE6B0004A7C2 /* State.swift in Sources */,
			);
			runOnlyForDeploymentPostprocessing = 0;
		};
		B3B72BB61D16EE810004A7C2 /* Sources */ = {
			isa = PBXSourcesBuildPhase;
			buildActionMask = 2147483647;
			files = (
				B3B72BC51D16EED90004A7C2 /* TaskTests.swift in Sources */,
				B3AD651B1D245FCE001F6C57 /* TaskQueueDelegateTests.swift in Sources */,
				B3AD651D1D245FD4001F6C57 /* DependencyTests.swift in Sources */,
				B3AD651F1D245FD8001F6C57 /* CreateTests.swift in Sources */,
			);
			runOnlyForDeploymentPostprocessing = 0;
		};
		B3DD52D71D16CBEB00EBF640 /* Sources */ = {
			isa = PBXSourcesBuildPhase;
			buildActionMask = 2147483647;
			files = (
				B3DD52ED1D16CC4300EBF640 /* Result.swift in Sources */,
				B31CF9991D185B44003D4B2B /* TaskQueueDelegate.swift in Sources */,
				B3DD52F31D16CDFE00EBF640 /* Dispatch.swift in Sources */,
				B3AD42761D1838B400348607 /* TaskObserver.swift in Sources */,
				B304B27D1D19765200845F2D /* CollectionType+Overdrive.swift in Sources */,
				B3DD52F51D16D7A800EBF640 /* TaskQueue.swift in Sources */,
				B3B1C8891D1929A200B6386A /* FinishBlockObserver.swift in Sources */,
				B3DD52F11D16CCA300EBF640 /* Task.swift in Sources */,
				B3EF8F351D20423500064CC2 /* Create.swift in Sources */,
				B31CF99E1D189FCB003D4B2B /* NSQualityOfService+Overdrive.swift in Sources */,
				B322B0AA1D1ED314009DE006 /* Condition.swift in Sources */,
				B3BB185D1D1C0D24002B1979 /* RetryTaskObserver.swift in Sources */,
				B3DD52EF1D16CC7F00EBF640 /* State.swift in Sources */,
			);
			runOnlyForDeploymentPostprocessing = 0;
		};
		B3DD52F61D16D83200EBF640 /* Sources */ = {
			isa = PBXSourcesBuildPhase;
			buildActionMask = 2147483647;
			files = (
				B3DD52FD1D16D83200EBF640 /* TaskTests.swift in Sources */,
				B3174C881D1D9C0C000DF4F6 /* TaskQueueDelegateTests.swift in Sources */,
				B3C5DF591D1C4F7200D79532 /* DependencyTests.swift in Sources */,
				B3AD65211D246250001F6C57 /* TaskObserverTests.swift in Sources */,
				B3EF8F391D20521900064CC2 /* CreateTests.swift in Sources */,
			);
			runOnlyForDeploymentPostprocessing = 0;
		};
/* End PBXSourcesBuildPhase section */

/* Begin PBXTargetDependency section */
		B3B72B9E1D16EAE70004A7C2 /* PBXTargetDependency */ = {
			isa = PBXTargetDependency;
			target = B3B72B841D16EA330004A7C2 /* Overdrive macOS */;
			targetProxy = B3B72B9D1D16EAE70004A7C2 /* PBXContainerItemProxy */;
		};
		B3B72BC11D16EE820004A7C2 /* PBXTargetDependency */ = {
			isa = PBXTargetDependency;
			target = B3B72BA71D16EE310004A7C2 /* Overdrive tvOS */;
			targetProxy = B3B72BC01D16EE820004A7C2 /* PBXContainerItemProxy */;
		};
		B3DD53011D16D83200EBF640 /* PBXTargetDependency */ = {
			isa = PBXTargetDependency;
			target = B3DD52DB1D16CBEB00EBF640 /* Overdrive iOS */;
			targetProxy = B3DD53001D16D83200EBF640 /* PBXContainerItemProxy */;
		};
/* End PBXTargetDependency section */

/* Begin XCBuildConfiguration section */
		B3B72B8A1D16EA330004A7C2 /* Debug */ = {
			isa = XCBuildConfiguration;
			buildSettings = {
				CODE_SIGN_IDENTITY = "-";
				COMBINE_HIDPI_IMAGES = YES;
				DEFINES_MODULE = YES;
				DYLIB_COMPATIBILITY_VERSION = 1;
				DYLIB_CURRENT_VERSION = 1;
				DYLIB_INSTALL_NAME_BASE = "@rpath";
				FRAMEWORK_VERSION = A;
				INFOPLIST_FILE = Sources/Info.plist;
				INSTALL_PATH = "$(LOCAL_LIBRARY_DIR)/Frameworks";
				LD_RUNPATH_SEARCH_PATHS = "$(inherited) @executable_path/../Frameworks @loader_path/Frameworks";
				MACOSX_DEPLOYMENT_TARGET = 10.11;
				PRODUCT_BUNDLE_IDENTIFIER = io.swiftable.Overdrive;
				PRODUCT_NAME = Overdrive;
				SDKROOT = macosx;
				SKIP_INSTALL = YES;
			};
			name = Debug;
		};
		B3B72B8B1D16EA330004A7C2 /* Release */ = {
			isa = XCBuildConfiguration;
			buildSettings = {
				CODE_SIGN_IDENTITY = "-";
				COMBINE_HIDPI_IMAGES = YES;
				DEFINES_MODULE = YES;
				DYLIB_COMPATIBILITY_VERSION = 1;
				DYLIB_CURRENT_VERSION = 1;
				DYLIB_INSTALL_NAME_BASE = "@rpath";
				FRAMEWORK_VERSION = A;
				INFOPLIST_FILE = Sources/Info.plist;
				INSTALL_PATH = "$(LOCAL_LIBRARY_DIR)/Frameworks";
				LD_RUNPATH_SEARCH_PATHS = "$(inherited) @executable_path/../Frameworks @loader_path/Frameworks";
				MACOSX_DEPLOYMENT_TARGET = 10.11;
				PRODUCT_BUNDLE_IDENTIFIER = io.swiftable.Overdrive;
				PRODUCT_NAME = Overdrive;
				SDKROOT = macosx;
				SKIP_INSTALL = YES;
			};
			name = Release;
		};
		B3B72BA01D16EAE70004A7C2 /* Debug */ = {
			isa = XCBuildConfiguration;
			buildSettings = {
				CODE_SIGN_IDENTITY = "-";
				COMBINE_HIDPI_IMAGES = YES;
				INFOPLIST_FILE = Tests/Info.plist;
				LD_RUNPATH_SEARCH_PATHS = "$(inherited) @executable_path/../Frameworks @loader_path/../Frameworks";
				MACOSX_DEPLOYMENT_TARGET = 10.11;
				PRODUCT_BUNDLE_IDENTIFIER = io.swiftable.OverdriveTests;
				PRODUCT_NAME = Tests;
				SDKROOT = macosx;
			};
			name = Debug;
		};
		B3B72BA11D16EAE70004A7C2 /* Release */ = {
			isa = XCBuildConfiguration;
			buildSettings = {
				CODE_SIGN_IDENTITY = "-";
				COMBINE_HIDPI_IMAGES = YES;
				INFOPLIST_FILE = Tests/Info.plist;
				LD_RUNPATH_SEARCH_PATHS = "$(inherited) @executable_path/../Frameworks @loader_path/../Frameworks";
				MACOSX_DEPLOYMENT_TARGET = 10.11;
				PRODUCT_BUNDLE_IDENTIFIER = io.swiftable.OverdriveTests;
				PRODUCT_NAME = Tests;
				SDKROOT = macosx;
			};
			name = Release;
		};
		B3B72BAD1D16EE310004A7C2 /* Debug */ = {
			isa = XCBuildConfiguration;
			buildSettings = {
				DEFINES_MODULE = YES;
				DYLIB_COMPATIBILITY_VERSION = 1;
				DYLIB_CURRENT_VERSION = 1;
				DYLIB_INSTALL_NAME_BASE = "@rpath";
				INFOPLIST_FILE = Sources/Info.plist;
				INSTALL_PATH = "$(LOCAL_LIBRARY_DIR)/Frameworks";
				LD_RUNPATH_SEARCH_PATHS = "$(inherited) @executable_path/Frameworks @loader_path/Frameworks";
				PRODUCT_BUNDLE_IDENTIFIER = io.swiftable.Overdrive;
				PRODUCT_NAME = Overdrive;
				SDKROOT = appletvos;
				SKIP_INSTALL = YES;
				TARGETED_DEVICE_FAMILY = 3;
				TVOS_DEPLOYMENT_TARGET = 9.0;
			};
			name = Debug;
		};
		B3B72BAE1D16EE310004A7C2 /* Release */ = {
			isa = XCBuildConfiguration;
			buildSettings = {
				DEFINES_MODULE = YES;
				DYLIB_COMPATIBILITY_VERSION = 1;
				DYLIB_CURRENT_VERSION = 1;
				DYLIB_INSTALL_NAME_BASE = "@rpath";
				INFOPLIST_FILE = Sources/Info.plist;
				INSTALL_PATH = "$(LOCAL_LIBRARY_DIR)/Frameworks";
				LD_RUNPATH_SEARCH_PATHS = "$(inherited) @executable_path/Frameworks @loader_path/Frameworks";
				PRODUCT_BUNDLE_IDENTIFIER = io.swiftable.Overdrive;
				PRODUCT_NAME = Overdrive;
				SDKROOT = appletvos;
				SKIP_INSTALL = YES;
				TARGETED_DEVICE_FAMILY = 3;
				TVOS_DEPLOYMENT_TARGET = 9.0;
			};
			name = Release;
		};
		B3B72BC31D16EE820004A7C2 /* Debug */ = {
			isa = XCBuildConfiguration;
			buildSettings = {
				INFOPLIST_FILE = Tests/Info.plist;
				LD_RUNPATH_SEARCH_PATHS = "$(inherited) @executable_path/Frameworks @loader_path/Frameworks";
				PRODUCT_BUNDLE_IDENTIFIER = io.swiftable.OverdriveTests;
				PRODUCT_NAME = "$(TARGET_NAME)";
				SDKROOT = appletvos;
				TVOS_DEPLOYMENT_TARGET = 9.2;
			};
			name = Debug;
		};
		B3B72BC41D16EE820004A7C2 /* Release */ = {
			isa = XCBuildConfiguration;
			buildSettings = {
				INFOPLIST_FILE = Tests/Info.plist;
				LD_RUNPATH_SEARCH_PATHS = "$(inherited) @executable_path/Frameworks @loader_path/Frameworks";
				PRODUCT_BUNDLE_IDENTIFIER = io.swiftable.OverdriveTests;
				PRODUCT_NAME = "$(TARGET_NAME)";
				SDKROOT = appletvos;
				TVOS_DEPLOYMENT_TARGET = 9.2;
			};
			name = Release;
		};
		B3DD52E21D16CBEB00EBF640 /* Debug */ = {
			isa = XCBuildConfiguration;
			buildSettings = {
				ALWAYS_SEARCH_USER_PATHS = NO;
				CLANG_ANALYZER_NONNULL = YES;
				CLANG_CXX_LANGUAGE_STANDARD = "gnu++0x";
				CLANG_CXX_LIBRARY = "libc++";
				CLANG_ENABLE_MODULES = YES;
				CLANG_ENABLE_OBJC_ARC = YES;
				CLANG_WARN_BOOL_CONVERSION = YES;
				CLANG_WARN_CONSTANT_CONVERSION = YES;
				CLANG_WARN_DIRECT_OBJC_ISA_USAGE = YES_ERROR;
				CLANG_WARN_EMPTY_BODY = YES;
				CLANG_WARN_ENUM_CONVERSION = YES;
				CLANG_WARN_INT_CONVERSION = YES;
				CLANG_WARN_OBJC_ROOT_CLASS = YES_ERROR;
				CLANG_WARN_UNREACHABLE_CODE = YES;
				CLANG_WARN__DUPLICATE_METHOD_MATCH = YES;
				"CODE_SIGN_IDENTITY[sdk=iphoneos*]" = "iPhone Developer";
				COPY_PHASE_STRIP = NO;
				CURRENT_PROJECT_VERSION = 1;
				DEBUG_INFORMATION_FORMAT = dwarf;
				ENABLE_STRICT_OBJC_MSGSEND = YES;
				ENABLE_TESTABILITY = YES;
				GCC_C_LANGUAGE_STANDARD = gnu99;
				GCC_DYNAMIC_NO_PIC = NO;
				GCC_NO_COMMON_BLOCKS = YES;
				GCC_OPTIMIZATION_LEVEL = 0;
				GCC_PREPROCESSOR_DEFINITIONS = (
					"DEBUG=1",
					"$(inherited)",
				);
				GCC_WARN_64_TO_32_BIT_CONVERSION = YES;
				GCC_WARN_ABOUT_RETURN_TYPE = YES_ERROR;
				GCC_WARN_UNDECLARED_SELECTOR = YES;
				GCC_WARN_UNINITIALIZED_AUTOS = YES_AGGRESSIVE;
				GCC_WARN_UNUSED_FUNCTION = YES;
				GCC_WARN_UNUSED_VARIABLE = YES;
				IPHONEOS_DEPLOYMENT_TARGET = 9.3;
				MTL_ENABLE_DEBUG_INFO = YES;
				ONLY_ACTIVE_ARCH = YES;
				SDKROOT = iphoneos;
				SWIFT_OPTIMIZATION_LEVEL = "-Onone";
				TARGETED_DEVICE_FAMILY = "1,2";
				VERSIONING_SYSTEM = "apple-generic";
				VERSION_INFO_PREFIX = "";
			};
			name = Debug;
		};
		B3DD52E31D16CBEB00EBF640 /* Release */ = {
			isa = XCBuildConfiguration;
			buildSettings = {
				ALWAYS_SEARCH_USER_PATHS = NO;
				CLANG_ANALYZER_NONNULL = YES;
				CLANG_CXX_LANGUAGE_STANDARD = "gnu++0x";
				CLANG_CXX_LIBRARY = "libc++";
				CLANG_ENABLE_MODULES = YES;
				CLANG_ENABLE_OBJC_ARC = YES;
				CLANG_WARN_BOOL_CONVERSION = YES;
				CLANG_WARN_CONSTANT_CONVERSION = YES;
				CLANG_WARN_DIRECT_OBJC_ISA_USAGE = YES_ERROR;
				CLANG_WARN_EMPTY_BODY = YES;
				CLANG_WARN_ENUM_CONVERSION = YES;
				CLANG_WARN_INT_CONVERSION = YES;
				CLANG_WARN_OBJC_ROOT_CLASS = YES_ERROR;
				CLANG_WARN_UNREACHABLE_CODE = YES;
				CLANG_WARN__DUPLICATE_METHOD_MATCH = YES;
				"CODE_SIGN_IDENTITY[sdk=iphoneos*]" = "iPhone Developer";
				COPY_PHASE_STRIP = NO;
				CURRENT_PROJECT_VERSION = 1;
				DEBUG_INFORMATION_FORMAT = "dwarf-with-dsym";
				ENABLE_NS_ASSERTIONS = NO;
				ENABLE_STRICT_OBJC_MSGSEND = YES;
				GCC_C_LANGUAGE_STANDARD = gnu99;
				GCC_NO_COMMON_BLOCKS = YES;
				GCC_WARN_64_TO_32_BIT_CONVERSION = YES;
				GCC_WARN_ABOUT_RETURN_TYPE = YES_ERROR;
				GCC_WARN_UNDECLARED_SELECTOR = YES;
				GCC_WARN_UNINITIALIZED_AUTOS = YES_AGGRESSIVE;
				GCC_WARN_UNUSED_FUNCTION = YES;
				GCC_WARN_UNUSED_VARIABLE = YES;
				IPHONEOS_DEPLOYMENT_TARGET = 9.3;
				MTL_ENABLE_DEBUG_INFO = NO;
				SDKROOT = iphoneos;
				TARGETED_DEVICE_FAMILY = "1,2";
				VALIDATE_PRODUCT = YES;
				VERSIONING_SYSTEM = "apple-generic";
				VERSION_INFO_PREFIX = "";
			};
			name = Release;
		};
		B3DD52E51D16CBEB00EBF640 /* Debug */ = {
			isa = XCBuildConfiguration;
			buildSettings = {
				CLANG_ENABLE_MODULES = YES;
				DEFINES_MODULE = YES;
				DYLIB_COMPATIBILITY_VERSION = 1;
				DYLIB_CURRENT_VERSION = 1;
				DYLIB_INSTALL_NAME_BASE = "@rpath";
				INFOPLIST_FILE = Sources/Info.plist;
				INSTALL_PATH = "$(LOCAL_LIBRARY_DIR)/Frameworks";
				IPHONEOS_DEPLOYMENT_TARGET = 8.0;
				LD_RUNPATH_SEARCH_PATHS = "$(inherited) @executable_path/Frameworks @loader_path/Frameworks";
				PRODUCT_BUNDLE_IDENTIFIER = io.swiftable.Overdrive;
				PRODUCT_NAME = Overdrive;
				SKIP_INSTALL = YES;
				SWIFT_OPTIMIZATION_LEVEL = "-Onone";
			};
			name = Debug;
		};
		B3DD52E61D16CBEB00EBF640 /* Release */ = {
			isa = XCBuildConfiguration;
			buildSettings = {
				CLANG_ENABLE_MODULES = YES;
				DEFINES_MODULE = YES;
				DYLIB_COMPATIBILITY_VERSION = 1;
				DYLIB_CURRENT_VERSION = 1;
				DYLIB_INSTALL_NAME_BASE = "@rpath";
				INFOPLIST_FILE = Sources/Info.plist;
				INSTALL_PATH = "$(LOCAL_LIBRARY_DIR)/Frameworks";
				IPHONEOS_DEPLOYMENT_TARGET = 8.0;
				LD_RUNPATH_SEARCH_PATHS = "$(inherited) @executable_path/Frameworks @loader_path/Frameworks";
				PRODUCT_BUNDLE_IDENTIFIER = io.swiftable.Overdrive;
				PRODUCT_NAME = Overdrive;
				SKIP_INSTALL = YES;
			};
			name = Release;
		};
		B3DD53031D16D83200EBF640 /* Debug */ = {
			isa = XCBuildConfiguration;
			buildSettings = {
				INFOPLIST_FILE = Tests/Info.plist;
				LD_RUNPATH_SEARCH_PATHS = "$(inherited) @executable_path/Frameworks @loader_path/Frameworks";
				PRODUCT_BUNDLE_IDENTIFIER = io.swiftable.OverdriveTests;
				PRODUCT_NAME = Tests;
			};
			name = Debug;
		};
		B3DD53041D16D83200EBF640 /* Release */ = {
			isa = XCBuildConfiguration;
			buildSettings = {
				INFOPLIST_FILE = Tests/Info.plist;
				LD_RUNPATH_SEARCH_PATHS = "$(inherited) @executable_path/Frameworks @loader_path/Frameworks";
				PRODUCT_BUNDLE_IDENTIFIER = io.swiftable.OverdriveTests;
				PRODUCT_NAME = Tests;
			};
			name = Release;
		};
/* End XCBuildConfiguration section */

/* Begin XCConfigurationList section */
		B3B72B8C1D16EA330004A7C2 /* Build configuration list for PBXNativeTarget "Overdrive macOS" */ = {
			isa = XCConfigurationList;
			buildConfigurations = (
				B3B72B8A1D16EA330004A7C2 /* Debug */,
				B3B72B8B1D16EA330004A7C2 /* Release */,
			);
			defaultConfigurationIsVisible = 0;
			defaultConfigurationName = Release;
		};
		B3B72B9F1D16EAE70004A7C2 /* Build configuration list for PBXNativeTarget "Tests macOS" */ = {
			isa = XCConfigurationList;
			buildConfigurations = (
				B3B72BA01D16EAE70004A7C2 /* Debug */,
				B3B72BA11D16EAE70004A7C2 /* Release */,
			);
			defaultConfigurationIsVisible = 0;
			defaultConfigurationName = Release;
		};
		B3B72BAF1D16EE310004A7C2 /* Build configuration list for PBXNativeTarget "Overdrive tvOS" */ = {
			isa = XCConfigurationList;
			buildConfigurations = (
				B3B72BAD1D16EE310004A7C2 /* Debug */,
				B3B72BAE1D16EE310004A7C2 /* Release */,
			);
			defaultConfigurationIsVisible = 0;
			defaultConfigurationName = Release;
		};
		B3B72BC21D16EE820004A7C2 /* Build configuration list for PBXNativeTarget "Tests tvOS" */ = {
			isa = XCConfigurationList;
			buildConfigurations = (
				B3B72BC31D16EE820004A7C2 /* Debug */,
				B3B72BC41D16EE820004A7C2 /* Release */,
			);
			defaultConfigurationIsVisible = 0;
			defaultConfigurationName = Release;
		};
		B3DD52D61D16CBEB00EBF640 /* Build configuration list for PBXProject "Overdrive" */ = {
			isa = XCConfigurationList;
			buildConfigurations = (
				B3DD52E21D16CBEB00EBF640 /* Debug */,
				B3DD52E31D16CBEB00EBF640 /* Release */,
			);
			defaultConfigurationIsVisible = 0;
			defaultConfigurationName = Release;
		};
		B3DD52E41D16CBEB00EBF640 /* Build configuration list for PBXNativeTarget "Overdrive iOS" */ = {
			isa = XCConfigurationList;
			buildConfigurations = (
				B3DD52E51D16CBEB00EBF640 /* Debug */,
				B3DD52E61D16CBEB00EBF640 /* Release */,
			);
			defaultConfigurationIsVisible = 0;
			defaultConfigurationName = Release;
		};
		B3DD53021D16D83200EBF640 /* Build configuration list for PBXNativeTarget "Tests iOS" */ = {
			isa = XCConfigurationList;
			buildConfigurations = (
				B3DD53031D16D83200EBF640 /* Debug */,
				B3DD53041D16D83200EBF640 /* Release */,
			);
			defaultConfigurationIsVisible = 0;
			defaultConfigurationName = Release;
		};
/* End XCConfigurationList section */
	};
	rootObject = B3DD52D31D16CBEB00EBF640 /* Project object */;
}
